// !$*UTF8*$!
{
	archiveVersion = 1;
	classes = {
	};
	objectVersion = 48;
	objects = {

/* Begin PBXBuildFile section */
		983F3BD91FBBD82E00D2A1F2 /* AppDelegate.swift in Sources */ = {isa = PBXBuildFile; fileRef = 983F3BD81FBBD82E00D2A1F2 /* AppDelegate.swift */; };
		983F3BDB1FBBD82E00D2A1F2 /* ViewController.swift in Sources */ = {isa = PBXBuildFile; fileRef = 983F3BDA1FBBD82E00D2A1F2 /* ViewController.swift */; };
		983F3BDE1FBBD82E00D2A1F2 /* Main.storyboard in Resources */ = {isa = PBXBuildFile; fileRef = 983F3BDC1FBBD82E00D2A1F2 /* Main.storyboard */; };
		983F3BE01FBBD82E00D2A1F2 /* Assets.xcassets in Resources */ = {isa = PBXBuildFile; fileRef = 983F3BDF1FBBD82E00D2A1F2 /* Assets.xcassets */; };
		983F3BE31FBBD82E00D2A1F2 /* LaunchScreen.storyboard in Resources */ = {isa = PBXBuildFile; fileRef = 983F3BE11FBBD82E00D2A1F2 /* LaunchScreen.storyboard */; };
		983F3BEB1FBBDE9F00D2A1F2 /* Story.swift in Sources */ = {isa = PBXBuildFile; fileRef = 983F3BEA1FBBDE9F00D2A1F2 /* Story.swift */; };
		983F3BED1FBBE61900D2A1F2 /* Page.swift in Sources */ = {isa = PBXBuildFile; fileRef = 983F3BEC1FBBE61900D2A1F2 /* Page.swift */; };
		983F3BEF1FBD416B00D2A1F2 /* PageViewController.swift in Sources */ = {isa = PBXBuildFile; fileRef = 983F3BEE1FBD416B00D2A1F2 /* PageViewController.swift */; };
		983F3BF51FC129C000D2A1F2 /* PageTurn.wav in Resources */ = {isa = PBXBuildFile; fileRef = 983F3BF21FC129C000D2A1F2 /* PageTurn.wav */; };
		983F3BF61FC129C000D2A1F2 /* HappyEnding.wav in Resources */ = {isa = PBXBuildFile; fileRef = 983F3BF31FC129C000D2A1F2 /* HappyEnding.wav */; };
		983F3BF71FC129C000D2A1F2 /* Ominous.wav in Resources */ = {isa = PBXBuildFile; fileRef = 983F3BF41FC129C000D2A1F2 /* Ominous.wav */; };
		983F3BF91FC12A3000D2A1F2 /* Audio.swift in Sources */ = {isa = PBXBuildFile; fileRef = 983F3BF81FC12A3000D2A1F2 /* Audio.swift */; };
/* End PBXBuildFile section */

/* Begin PBXFileReference section */
		983F3BD51FBBD82E00D2A1F2 /* InteractiveStory.app */ = {isa = PBXFileReference; explicitFileType = wrapper.application; includeInIndex = 0; path = InteractiveStory.app; sourceTree = BUILT_PRODUCTS_DIR; };
		983F3BD81FBBD82E00D2A1F2 /* AppDelegate.swift */ = {isa = PBXFileReference; lastKnownFileType = sourcecode.swift; path = AppDelegate.swift; sourceTree = "<group>"; };
		983F3BDA1FBBD82E00D2A1F2 /* ViewController.swift */ = {isa = PBXFileReference; lastKnownFileType = sourcecode.swift; path = ViewController.swift; sourceTree = "<group>"; };
		983F3BDD1FBBD82E00D2A1F2 /* Base */ = {isa = PBXFileReference; lastKnownFileType = file.storyboard; name = Base; path = Base.lproj/Main.storyboard; sourceTree = "<group>"; };
		983F3BDF1FBBD82E00D2A1F2 /* Assets.xcassets */ = {isa = PBXFileReference; lastKnownFileType = folder.assetcatalog; path = Assets.xcassets; sourceTree = "<group>"; };
		983F3BE21FBBD82E00D2A1F2 /* Base */ = {isa = PBXFileReference; lastKnownFileType = file.storyboard; name = Base; path = Base.lproj/LaunchScreen.storyboard; sourceTree = "<group>"; };
		983F3BE41FBBD82E00D2A1F2 /* Info.plist */ = {isa = PBXFileReference; lastKnownFileType = text.plist.xml; path = Info.plist; sourceTree = "<group>"; };
		983F3BEA1FBBDE9F00D2A1F2 /* Story.swift */ = {isa = PBXFileReference; lastKnownFileType = sourcecode.swift; path = Story.swift; sourceTree = "<group>"; };
		983F3BEC1FBBE61900D2A1F2 /* Page.swift */ = {isa = PBXFileReference; lastKnownFileType = sourcecode.swift; path = Page.swift; sourceTree = "<group>"; };
		983F3BEE1FBD416B00D2A1F2 /* PageViewController.swift */ = {isa = PBXFileReference; lastKnownFileType = sourcecode.swift; path = PageViewController.swift; sourceTree = "<group>"; };
		983F3BF21FC129C000D2A1F2 /* PageTurn.wav */ = {isa = PBXFileReference; lastKnownFileType = audio.wav; path = PageTurn.wav; sourceTree = "<group>"; };
		983F3BF31FC129C000D2A1F2 /* HappyEnding.wav */ = {isa = PBXFileReference; lastKnownFileType = audio.wav; path = HappyEnding.wav; sourceTree = "<group>"; };
		983F3BF41FC129C000D2A1F2 /* Ominous.wav */ = {isa = PBXFileReference; lastKnownFileType = audio.wav; path = Ominous.wav; sourceTree = "<group>"; };
		983F3BF81FC12A3000D2A1F2 /* Audio.swift */ = {isa = PBXFileReference; lastKnownFileType = sourcecode.swift; path = Audio.swift; sourceTree = "<group>"; };
/* End PBXFileReference section */

/* Begin PBXFrameworksBuildPhase section */
		983F3BD21FBBD82E00D2A1F2 /* Frameworks */ = {
			isa = PBXFrameworksBuildPhase;
			buildActionMask = 2147483647;
			files = (
			);
			runOnlyForDeploymentPostprocessing = 0;
		};
/* End PBXFrameworksBuildPhase section */

/* Begin PBXGroup section */
		983F3BCC1FBBD82E00D2A1F2 = {
			isa = PBXGroup;
			children = (
				983F3BD71FBBD82E00D2A1F2 /* InteractiveStory */,
				983F3BD61FBBD82E00D2A1F2 /* Products */,
			);
			sourceTree = "<group>";
		};
		983F3BD61FBBD82E00D2A1F2 /* Products */ = {
			isa = PBXGroup;
			children = (
				983F3BD51FBBD82E00D2A1F2 /* InteractiveStory.app */,
			);
			name = Products;
			sourceTree = "<group>";
		};
		983F3BD71FBBD82E00D2A1F2 /* InteractiveStory */ = {
			isa = PBXGroup;
			children = (
				983F3BF11FC1296300D2A1F2 /* Resources */,
				983F3BD81FBBD82E00D2A1F2 /* AppDelegate.swift */,
				983F3BDA1FBBD82E00D2A1F2 /* ViewController.swift */,
				983F3BDC1FBBD82E00D2A1F2 /* Main.storyboard */,
				983F3BDF1FBBD82E00D2A1F2 /* Assets.xcassets */,
				983F3BE11FBBD82E00D2A1F2 /* LaunchScreen.storyboard */,
				983F3BE41FBBD82E00D2A1F2 /* Info.plist */,
				983F3BEA1FBBDE9F00D2A1F2 /* Story.swift */,
				983F3BEC1FBBE61900D2A1F2 /* Page.swift */,
				983F3BEE1FBD416B00D2A1F2 /* PageViewController.swift */,
				983F3BF81FC12A3000D2A1F2 /* Audio.swift */,
			);
			path = InteractiveStory;
			sourceTree = "<group>";
		};
		983F3BF11FC1296300D2A1F2 /* Resources */ = {
			isa = PBXGroup;
			children = (
				983F3BF31FC129C000D2A1F2 /* HappyEnding.wav */,
				983F3BF41FC129C000D2A1F2 /* Ominous.wav */,
				983F3BF21FC129C000D2A1F2 /* PageTurn.wav */,
			);
			path = Resources;
			sourceTree = "<group>";
		};
/* End PBXGroup section */

/* Begin PBXNativeTarget section */
		983F3BD41FBBD82E00D2A1F2 /* InteractiveStory */ = {
			isa = PBXNativeTarget;
			buildConfigurationList = 983F3BE71FBBD82E00D2A1F2 /* Build configuration list for PBXNativeTarget "InteractiveStory" */;
			buildPhases = (
				983F3BD11FBBD82E00D2A1F2 /* Sources */,
				983F3BD21FBBD82E00D2A1F2 /* Frameworks */,
				983F3BD31FBBD82E00D2A1F2 /* Resources */,
			);
			buildRules = (
			);
			dependencies = (
			);
			name = InteractiveStory;
			productName = InteractiveStory;
			productReference = 983F3BD51FBBD82E00D2A1F2 /* InteractiveStory.app */;
			productType = "com.apple.product-type.application";
		};
/* End PBXNativeTarget section */

/* Begin PBXProject section */
		983F3BCD1FBBD82E00D2A1F2 /* Project object */ = {
			isa = PBXProject;
			attributes = {
				LastSwiftUpdateCheck = 0900;
				LastUpgradeCheck = 0900;
				ORGANIZATIONNAME = "Toby Tang";
				TargetAttributes = {
					983F3BD41FBBD82E00D2A1F2 = {
						CreatedOnToolsVersion = 9.0.1;
						ProvisioningStyle = Automatic;
					};
				};
			};
			buildConfigurationList = 983F3BD01FBBD82E00D2A1F2 /* Build configuration list for PBXProject "InteractiveStory" */;
			compatibilityVersion = "Xcode 8.0";
			developmentRegion = en;
			hasScannedForEncodings = 0;
			knownRegions = (
				en,
				Base,
			);
			mainGroup = 983F3BCC1FBBD82E00D2A1F2;
			productRefGroup = 983F3BD61FBBD82E00D2A1F2 /* Products */;
			projectDirPath = "";
			projectRoot = "";
			targets = (
				983F3BD41FBBD82E00D2A1F2 /* InteractiveStory */,
			);
		};
/* End PBXProject section */

/* Begin PBXResourcesBuildPhase section */
		983F3BD31FBBD82E00D2A1F2 /* Resources */ = {
			isa = PBXResourcesBuildPhase;
			buildActionMask = 2147483647;
			files = (
				983F3BE31FBBD82E00D2A1F2 /* LaunchScreen.storyboard in Resources */,
				983F3BE01FBBD82E00D2A1F2 /* Assets.xcassets in Resources */,
				983F3BF61FC129C000D2A1F2 /* HappyEnding.wav in Resources */,
				983F3BF51FC129C000D2A1F2 /* PageTurn.wav in Resources */,
				983F3BDE1FBBD82E00D2A1F2 /* Main.storyboard in Resources */,
				983F3BF71FC129C000D2A1F2 /* Ominous.wav in Resources */,
			);
			runOnlyForDeploymentPostprocessing = 0;
		};
/* End PBXResourcesBuildPhase section */

/* Begin PBXSourcesBuildPhase section */
		983F3BD11FBBD82E00D2A1F2 /* Sources */ = {
			isa = PBXSourcesBuildPhase;
			buildActionMask = 2147483647;
			files = (
				983F3BF91FC12A3000D2A1F2 /* Audio.swift in Sources */,
				983F3BDB1FBBD82E00D2A1F2 /* ViewController.swift in Sources */,
				983F3BEF1FBD416B00D2A1F2 /* PageViewController.swift in Sources */,
				983F3BD91FBBD82E00D2A1F2 /* AppDelegate.swift in Sources */,
				983F3BED1FBBE61900D2A1F2 /* Page.swift in Sources */,
				983F3BEB1FBBDE9F00D2A1F2 /* Story.swift in Sources */,
			);
			runOnlyForDeploymentPostprocessing = 0;
		};
/* End PBXSourcesBuildPhase section */

/* Begin PBXVariantGroup section */
		983F3BDC1FBBD82E00D2A1F2 /* Main.storyboard */ = {
			isa = PBXVariantGroup;
			children = (
				983F3BDD1FBBD82E00D2A1F2 /* Base */,
			);
			name = Main.storyboard;
			sourceTree = "<group>";
		};
		983F3BE11FBBD82E00D2A1F2 /* LaunchScreen.storyboard */ = {
			isa = PBXVariantGroup;
			children = (
				983F3BE21FBBD82E00D2A1F2 /* Base */,
			);
			name = LaunchScreen.storyboard;
			sourceTree = "<group>";
		};
/* End PBXVariantGroup section */

/* Begin XCBuildConfiguration section */
		983F3BE51FBBD82E00D2A1F2 /* Debug */ = {
			isa = XCBuildConfiguration;
			buildSettings = {
				ALWAYS_SEARCH_USER_PATHS = NO;
				CLANG_ANALYZER_NONNULL = YES;
				CLANG_ANALYZER_NUMBER_OBJECT_CONVERSION = YES_AGGRESSIVE;
				CLANG_CXX_LANGUAGE_STANDARD = "gnu++14";
				CLANG_CXX_LIBRARY = "libc++";
				CLANG_ENABLE_MODULES = YES;
				CLANG_ENABLE_OBJC_ARC = YES;
				CLANG_WARN_BLOCK_CAPTURE_AUTORELEASING = YES;
				CLANG_WARN_BOOL_CONVERSION = YES;
				CLANG_WARN_COMMA = YES;
				CLANG_WARN_CONSTANT_CONVERSION = YES;
				CLANG_WARN_DIRECT_OBJC_ISA_USAGE = YES_ERROR;
				CLANG_WARN_DOCUMENTATION_COMMENTS = YES;
				CLANG_WARN_EMPTY_BODY = YES;
				CLANG_WARN_ENUM_CONVERSION = YES;
				CLANG_WARN_INFINITE_RECURSION = YES;
				CLANG_WARN_INT_CONVERSION = YES;
				CLANG_WARN_NON_LITERAL_NULL_CONVERSION = YES;
				CLANG_WARN_OBJC_LITERAL_CONVERSION = YES;
				CLANG_WARN_OBJC_ROOT_CLASS = YES_ERROR;
				CLANG_WARN_RANGE_LOOP_ANALYSIS = YES;
				CLANG_WARN_STRICT_PROTOTYPES = YES;
				CLANG_WARN_SUSPICIOUS_MOVE = YES;
				CLANG_WARN_UNGUARDED_AVAILABILITY = YES_AGGRESSIVE;
				CLANG_WARN_UNREACHABLE_CODE = YES;
				CLANG_WARN__DUPLICATE_METHOD_MATCH = YES;
				CODE_SIGN_IDENTITY = "iPhone Developer";
				COPY_PHASE_STRIP = NO;
				DEBUG_INFORMATION_FORMAT = dwarf;
				ENABLE_STRICT_OBJC_MSGSEND = YES;
				ENABLE_TESTABILITY = YES;
				GCC_C_LANGUAGE_STANDARD = gnu11;
				GCC_DYNAMIC_NO_PIC = NO;
				GCC_NO_COMMON_BLOCKS = YES;
				GCC_OPTIMIZATION_LEVEL = 0;
				GCC_PREPROCESSOR_DEFINITIONS = (
					"DEBUG=1",
					"$(inherited)",
				);
				GCC_WARN_64_TO_32_BIT_CONVERSION = YES;
				GCC_WARN_ABOUT_RETURN_TYPE = YES_ERROR;
				GCC_WARN_UNDECLARED_SELECTOR = YES;
				GCC_WARN_UNINITIALIZED_AUTOS = YES_AGGRESSIVE;
				GCC_WARN_UNUSED_FUNCTION = YES;
				GCC_WARN_UNUSED_VARIABLE = YES;
				IPHONEOS_DEPLOYMENT_TARGET = 11.0;
				MTL_ENABLE_DEBUG_INFO = YES;
				ONLY_ACTIVE_ARCH = YES;
				SDKROOT = iphoneos;
				SWIFT_ACTIVE_COMPILATION_CONDITIONS = DEBUG;
				SWIFT_OPTIMIZATION_LEVEL = "-Onone";
			};
			name = Debug;
		};
		983F3BE61FBBD82E00D2A1F2 /* Release */ = {
			isa = XCBuildConfiguration;
			buildSettings = {
				ALWAYS_SEARCH_USER_PATHS = NO;
				CLANG_ANALYZER_NONNULL = YES;
				CLANG_ANALYZER_NUMBER_OBJECT_CONVERSION = YES_AGGRESSIVE;
				CLANG_CXX_LANGUAGE_STANDARD = "gnu++14";
				CLANG_CXX_LIBRARY = "libc++";
				CLANG_ENABLE_MODULES = YES;
				CLANG_ENABLE_OBJC_ARC = YES;
				CLANG_WARN_BLOCK_CAPTURE_AUTORELEASING = YES;
				CLANG_WARN_BOOL_CONVERSION = YES;
				CLANG_WARN_COMMA = YES;
				CLANG_WARN_CONSTANT_CONVERSION = YES;
				CLANG_WARN_DIRECT_OBJC_ISA_USAGE = YES_ERROR;
				CLANG_WARN_DOCUMENTATION_COMMENTS = YES;
				CLANG_WARN_EMPTY_BODY = YES;
				CLANG_WARN_ENUM_CONVERSION = YES;
				CLANG_WARN_INFINITE_RECURSION = YES;
				CLANG_WARN_INT_CONVERSION = YES;
				CLANG_WARN_NON_LITERAL_NULL_CONVERSION = YES;
				CLANG_WARN_OBJC_LITERAL_CONVERSION = YES;
				CLANG_WARN_OBJC_ROOT_CLASS = YES_ERROR;
				CLANG_WARN_RANGE_LOOP_ANALYSIS = YES;
				CLANG_WARN_STRICT_PROTOTYPES = YES;
				CLANG_WARN_SUSPICIOUS_MOVE = YES;
				CLANG_WARN_UNGUARDED_AVAILABILITY = YES_AGGRESSIVE;
				CLANG_WARN_UNREACHABLE_CODE = YES;
				CLANG_WARN__DUPLICATE_METHOD_MATCH = YES;
				CODE_SIGN_IDENTITY = "iPhone Developer";
				COPY_PHASE_STRIP = NO;
				DEBUG_INFORMATION_FORMAT = "dwarf-with-dsym";
				ENABLE_NS_ASSERTIONS = NO;
				ENABLE_STRICT_OBJC_MSGSEND = YES;
				GCC_C_LANGUAGE_STANDARD = gnu11;
				GCC_NO_COMMON_BLOCKS = YES;
				GCC_WARN_64_TO_32_BIT_CONVERSION = YES;
				GCC_WARN_ABOUT_RETURN_TYPE = YES_ERROR;
				GCC_WARN_UNDECLARED_SELECTOR = YES;
				GCC_WARN_UNINITIALIZED_AUTOS = YES_AGGRESSIVE;
				GCC_WARN_UNUSED_FUNCTION = YES;
				GCC_WARN_UNUSED_VARIABLE = YES;
				IPHONEOS_DEPLOYMENT_TARGET = 11.0;
				MTL_ENABLE_DEBUG_INFO = NO;
				SDKROOT = iphoneos;
				SWIFT_OPTIMIZATION_LEVEL = "-Owholemodule";
				VALIDATE_PRODUCT = YES;
			};
			name = Release;
		};
		983F3BE81FBBD82E00D2A1F2 /* Debug */ = {
			isa = XCBuildConfiguration;
			buildSettings = {
				ASSETCATALOG_COMPILER_APPICON_NAME = AppIcon;
				CODE_SIGN_STYLE = Automatic;
				DEVELOPMENT_TEAM = F5XD6CX74Y;
				INFOPLIST_FILE = InteractiveStory/Info.plist;
				IPHONEOS_DEPLOYMENT_TARGET = 11.1;
				LD_RUNPATH_SEARCH_PATHS = "$(inherited) @executable_path/Frameworks";
				PRODUCT_BUNDLE_IDENTIFIER = tobytang.InteractiveStory;
				PRODUCT_NAME = "$(TARGET_NAME)";
				SWIFT_VERSION = 4.0;
				TARGETED_DEVICE_FAMILY = "1,2";
			};
			name = Debug;
		};
		983F3BE91FBBD82E00D2A1F2 /* Release */ = {
			isa = XCBuildConfiguration;
			buildSettings = {
				ASSETCATALOG_COMPILER_APPICON_NAME = AppIcon;
				CODE_SIGN_STYLE = Automatic;
				DEVELOPMENT_TEAM = F5XD6CX74Y;
				INFOPLIST_FILE = InteractiveStory/Info.plist;
				IPHONEOS_DEPLOYMENT_TARGET = 11.1;
				LD_RUNPATH_SEARCH_PATHS = "$(inherited) @executable_path/Frameworks";
				PRODUCT_BUNDLE_IDENTIFIER = tobytang.InteractiveStory;
				PRODUCT_NAME = "$(TARGET_NAME)";
				SWIFT_VERSION = 4.0;
				TARGETED_DEVICE_FAMILY = "1,2";
			};
			name = Release;
		};
/* End XCBuildConfiguration section */

/* Begin XCConfigurationList section */
		983F3BD01FBBD82E00D2A1F2 /* Build configuration list for PBXProject "InteractiveStory" */ = {
			isa = XCConfigurationList;
			buildConfigurations = (
				983F3BE51FBBD82E00D2A1F2 /* Debug */,
				983F3BE61FBBD82E00D2A1F2 /* Release */,
			);
			defaultConfigurationIsVisible = 0;
			defaultConfigurationName = Release;
		};
		983F3BE71FBBD82E00D2A1F2 /* Build configuration list for PBXNativeTarget "InteractiveStory" */ = {
			isa = XCConfigurationList;
			buildConfigurations = (
				983F3BE81FBBD82E00D2A1F2 /* Debug */,
				983F3BE91FBBD82E00D2A1F2 /* Release */,
			);
			defaultConfigurationIsVisible = 0;
			defaultConfigurationName = Release;
		};
/* End XCConfigurationList section */
	};
	rootObject = 983F3BCD1FBBD82E00D2A1F2 /* Project object */;
}
